
Microsoft Visual Studio Solution File, Format Version 12.00
# Visual Studio 15
VisualStudioVersion = 15.0.27004.2009
MinimumVisualStudioVersion = 10.0.40219.1
Project("{9A19103F-16F7-4668-BE54-9A1E7A4F7556}") = "Check", "Check\Check.csproj", "{DC82DC09-D92E-4DAB-BD35-6D925B191726}"
EndProject
Project("{E24C65DC-7377-472B-9ABA-BC803B73C61A}") = "Docs", "Docs\", "{03A9DABB-389D-4CC0-B537-0DF102F2791F}"
	ProjectSection(WebsiteProperties) = preProject
		TargetFrameworkMoniker = ".NETFramework,Version%3Dv4.0"
		Debug.AspNetCompiler.VirtualPath = "/localhost_55379"
		Debug.AspNetCompiler.PhysicalPath = "Docs\"
		Debug.AspNetCompiler.TargetPath = "PrecompiledWeb\localhost_55379\"
		Debug.AspNetCompiler.Updateable = "true"
		Debug.AspNetCompiler.ForceOverwrite = "true"
		Debug.AspNetCompiler.FixedNames = "false"
		Debug.AspNetCompiler.Debug = "True"
		Release.AspNetCompiler.VirtualPath = "/localhost_55379"
		Release.AspNetCompiler.PhysicalPath = "Docs\"
		Release.AspNetCompiler.TargetPath = "PrecompiledWeb\localhost_55379\"
		Release.AspNetCompiler.Updateable = "true"
		Release.AspNetCompiler.ForceOverwrite = "true"
		Release.AspNetCompiler.FixedNames = "false"
		Release.AspNetCompiler.Debug = "False"
		VWDPort = "55379"
		SlnRelativePath = "Docs\"
	EndProjectSection
EndProject
Global
	GlobalSection(SolutionConfigurationPlatforms) = preSolution
		Debug|Any CPU = Debug|Any CPU
		Release|Any CPU = Release|Any CPU
	EndGlobalSection
	GlobalSection(ProjectConfigurationPlatforms) = postSolution
		{DC82DC09-D92E-4DAB-BD35-6D925B191726}.Debug|Any CPU.ActiveCfg = Debug|Any CPU
		{DC82DC09-D92E-4DAB-BD35-6D925B191726}.Debug|Any CPU.Build.0 = Debug|Any CPU
		{DC82DC09-D92E-4DAB-BD35-6D925B191726}.Release|Any CPU.ActiveCfg = Release|Any CPU
		{DC82DC09-D92E-4DAB-BD35-6D925B191726}.Release|Any CPU.Build.0 = Release|Any CPU
		{03A9DABB-389D-4CC0-B537-0DF102F2791F}.Debug|Any CPU.ActiveCfg = Debug|Any CPU
		{03A9DABB-389D-4CC0-B537-0DF102F2791F}.Debug|Any CPU.Build.0 = Debug|Any CPU
		{03A9DABB-389D-4CC0-B537-0DF102F2791F}.Release|Any CPU.ActiveCfg = Debug|Any CPU
		{03A9DABB-389D-4CC0-B537-0DF102F2791F}.Release|Any CPU.Build.0 = Debug|Any CPU
	EndGlobalSection
	GlobalSection(SolutionProperties) = preSolution
		HideSolutionNode = FALSE
	EndGlobalSection
	GlobalSection(ExtensibilityGlobals) = postSolution
		SolutionGuid = {22C68DCA-5C07-43B1-8378-A73AE9C71A7C}
	EndGlobalSection
EndGlobal
