
Microsoft Visual Studio Solution File, Format Version 12.00
# Visual Studio 15
VisualStudioVersion = 15.0.27130.2010
MinimumVisualStudioVersion = 10.0.40219.1
Project("{FAE04EC0-301F-11D3-BF4B-00C04F79EFBC}") = "Matrix", "Matrix\Matrix.csproj", "{DE720312-5E59-41F3-94F0-1EEE0D32FAFC}"
EndProject
Global
	GlobalSection(SolutionConfigurationPlatforms) = preSolution
		Debug|Any CPU = Debug|Any CPU
		Release|Any CPU = Release|Any CPU
	EndGlobalSection
	GlobalSection(ProjectConfigurationPlatforms) = postSolution
		{DE720312-5E59-41F3-94F0-1EEE0D32FAFC}.Debug|Any CPU.ActiveCfg = Debug|Any CPU
		{DE720312-5E59-41F3-94F0-1EEE0D32FAFC}.Debug|Any CPU.Build.0 = Debug|Any CPU
		{DE720312-5E59-41F3-94F0-1EEE0D32FAFC}.Release|Any CPU.ActiveCfg = Release|Any CPU
		{DE720312-5E59-41F3-94F0-1EEE0D32FAFC}.Release|Any CPU.Build.0 = Release|Any CPU
	EndGlobalSection
	GlobalSection(SolutionProperties) = preSolution
		HideSolutionNode = FALSE
	EndGlobalSection
	GlobalSection(ExtensibilityGlobals) = postSolution
		SolutionGuid = {F6FCA9AB-8640-4740-B805-7371FCF348C5}
	EndGlobalSection
EndGlobal
